{
  "name": "dest",
  "lockfileVersion": 2,
  "requires": true,
  "packages": {
    "": {
      "dependencies": {
        "@teritorio/font-teritorio": "^2.3.0"
      }
    },
    "node_modules/@teritorio/font-teritorio": {
      "version": "2.3.0",
      "resolved": "https://registry.npmjs.org/@teritorio/font-teritorio/-/font-teritorio-2.3.0.tgz",
      "integrity": "sha512-//nzE1KtiOXfP9zRIUZxOH9d4ByyFWr6pD+BV0DTtTk9zzRiwILKrbtkPI+rRdlTPXTaMSZACPwLbsJFRriNmg=="
    }
  },
  "dependencies": {
    "@teritorio/font-teritorio": {
      "version": "2.3.0",
      "resolved": "https://registry.npmjs.org/@teritorio/font-teritorio/-/font-teritorio-2.3.0.tgz",
      "integrity": "sha512-//nzE1KtiOXfP9zRIUZxOH9d4ByyFWr6pD+BV0DTtTk9zzRiwILKrbtkPI+rRdlTPXTaMSZACPwLbsJFRriNmg=="
    }
  }
}
