{
  "name": "dest",
  "lockfileVersion": 3,
  "requires": true,
  "packages": {
    "": {
      "dependencies": {
        "@teritorio/font-teritorio": "^2.5.0"
      }
    },
    "node_modules/@teritorio/font-teritorio": {
      "version": "2.5.0",
      "resolved": "https://registry.npmjs.org/@teritorio/font-teritorio/-/font-teritorio-2.5.0.tgz",
      "integrity": "sha512-K3dlKK2mfrJwUpUSQUNzVQDiFsI0rF9UsNM+K6kouyzM6FFc1e0KGCvnPE5gKeMr/OaXC6kB66TGaA5Hw7Jf6A=="
    }
  }
}
