{
  "name": "dest",
  "lockfileVersion": 3,
  "requires": true,
  "packages": {
    "": {
      "dependencies": {
        "@teritorio/font-teritorio": "^2.8.0"
      }
    },
    "node_modules/@teritorio/font-teritorio": {
      "version": "2.8.0",
      "resolved": "https://registry.npmjs.org/@teritorio/font-teritorio/-/font-teritorio-2.8.0.tgz",
      "integrity": "sha512-AXCSQiVeskcSgfV6vjvfYWzjDJj9lTF9lVBVBsgQK+40a/jL3eKsuNK7SIqJyoyt75af+05lk59kcy9DSJ1MPQ=="
    }
  }
}
